ï»¿<?xml version="1.0" encoding="utf-8"?>
<Project ToolsVersion="4.0" xmlns="http://schemas.microsoft.com/developer/msbuild/2003">
  <ItemGroup>
    <Filter Include="Operations">
      <UniqueIdentifier>{900347d4-69dc-44cd-8ce9-6a2ee5b762ad}</UniqueIdentifier>
    </Filter>
    <Filter Include="Components">
      <UniqueIdentifier>{4b64e80d-a0cb-4dfe-80db-820fa4d80d95}</UniqueIdentifier>
    </Filter>
  </ItemGroup>
  <ItemGroup>
    <ClCompile Include="Components\Camera.cpp">
      <Filter>Components</Filter>
    </ClCompile>
    <ClCompile Include="Components\Mesh.cpp">
      <Filter>Components</Filter>
    </ClCompile>
    <ClCompile Include="Components\SceneNodeComponent.cpp">
      <Filter>Components</Filter>
    </ClCompile>
    <ClCompile Include="Operations\BindAttribute.cpp">
      <Filter>Operations</Filter>
    </ClCompile>
    <ClCompile Include="Operations\BindUniform.cpp">
      <Filter>Operations</Filter>
    </ClCompile>
    <ClCompile Include="Operations\Operation.cpp">
      <Filter>Operations</Filter>
    </ClCompile>
    <ClCompile Include="Operations\RenderMesh.cpp">
      <Filter>Operations</Filter>
    </ClCompile>
    <ClCompile Include="DataTypes.cpp" />
    <ClCompile Include="Log.cpp" />
    <ClCompile Include="MeshLoader.cpp" />
    <ClCompile Include="RenderManager.cpp" />
    <ClCompile Include="ResourceManager.cpp" />
    <ClCompile Include="SceneManager.cpp" />
    <ClCompile Include="SceneNode.cpp" />
    <ClCompile Include="Shader.cpp" />
    <ClCompile Include="StdAfx.cpp" />
  </ItemGroup>
  <ItemGroup>
    <ClInclude Include="Components\Camera.h">
      <Filter>Components</Filter>
    </ClInclude>
    <ClInclude Include="Components\Mesh.h">
      <Filter>Components</Filter>
    </ClInclude>
    <ClInclude Include="Components\SceneNodeComponent.h">
      <Filter>Components</Filter>
    </ClInclude>
    <ClInclude Include="Components\Values.h">
      <Filter>Components</Filter>
    </ClInclude>
    <ClInclude Include="Operations\BindAttribute.h">
      <Filter>Operations</Filter>
    </ClInclude>
    <ClInclude Include="Operations\BindUniform.h">
      <Filter>Operations</Filter>
    </ClInclude>
    <ClInclude Include="Operations\Operation.h">
      <Filter>Operations</Filter>
    </ClInclude>
    <ClInclude Include="Operations\RenderMesh.h">
      <Filter>Operations</Filter>
    </ClInclude>
    <ClInclude Include="Common.h" />
    <ClInclude Include="Datatypes.h" />
    <ClInclude Include="Log.h" />
    <ClInclude Include="MeshLoader.h" />
    <ClInclude Include="RenderManager.h" />
    <ClInclude Include="ResourceManager.h" />
    <ClInclude Include="SceneManager.h" />
    <ClInclude Include="SceneNode.h" />
    <ClInclude Include="Shader.h" />
    <ClInclude Include="StdAfx.h" />
    <ClInclude Include="Transform.h" />
  </ItemGroup>
</Project>