<?xml version="1.0" encoding="utf-8"?>
<Project ToolsVersion="4.0" xmlns="http://schemas.microsoft.com/developer/msbuild/2003">
  <ItemGroup>
    <Filter Include="include">
      <UniqueIdentifier>{9f8c19eb-9291-48da-8874-e436ea98688f}</UniqueIdentifier>
    </Filter>
    <Filter Include="src">
      <UniqueIdentifier>{a9bc7084-37ad-4dcd-a083-2e2d3c7786a2}</UniqueIdentifier>
    </Filter>
    <Filter Include="include\operations">
      <UniqueIdentifier>{c4731b86-0f24-4344-b635-7c3bca178d6f}</UniqueIdentifier>
    </Filter>
    <Filter Include="src\operations">
      <UniqueIdentifier>{4b38bdeb-8967-432d-8e6e-2a784eee6bb6}</UniqueIdentifier>
    </Filter>
    <Filter Include="include\components">
      <UniqueIdentifier>{f9ab88e6-672f-4bc5-9097-91544e597afd}</UniqueIdentifier>
    </Filter>
    <Filter Include="src\components">
      <UniqueIdentifier>{6d43df84-04b0-48dd-bf72-077ea097faa4}</UniqueIdentifier>
    </Filter>
  </ItemGroup>
  <ItemGroup>
    <ClInclude Include="include\core\common.h">
      <Filter>include</Filter>
    </ClInclude>
    <ClInclude Include="include\core\datatypes.h">
      <Filter>include</Filter>
    </ClInclude>
    <ClInclude Include="include\core\kore.h">
      <Filter>include</Filter>
    </ClInclude>
    <ClInclude Include="include\core\log.h">
      <Filter>include</Filter>
    </ClInclude>
    <ClInclude Include="include\core\meshloader.h">
      <Filter>include</Filter>
    </ClInclude>
    <ClInclude Include="include\core\rendermanager.h">
      <Filter>include</Filter>
    </ClInclude>
    <ClInclude Include="include\core\resourcemanager.h">
      <Filter>include</Filter>
    </ClInclude>
    <ClInclude Include="include\core\scenemanager.h">
      <Filter>include</Filter>
    </ClInclude>
    <ClInclude Include="include\core\scenenode.h">
      <Filter>include</Filter>
    </ClInclude>
    <ClInclude Include="include\core\shader.h">
      <Filter>include</Filter>
    </ClInclude>
    <ClInclude Include="include\core\stdafx.h">
      <Filter>include</Filter>
    </ClInclude>
    <ClInclude Include="include\core\transform.h">
      <Filter>include</Filter>
    </ClInclude>
    <ClInclude Include="include\core\components\camera.h">
      <Filter>include\components</Filter>
    </ClInclude>
    <ClInclude Include="include\core\components\mesh.h">
      <Filter>include\components</Filter>
    </ClInclude>
    <ClInclude Include="include\core\components\scenenodecomponent.h">
      <Filter>include\components</Filter>
    </ClInclude>
    <ClInclude Include="include\core\components\values.h">
      <Filter>include\components</Filter>
    </ClInclude>
    <ClInclude Include="include\core\operations\bindattribute.h">
      <Filter>include\operations</Filter>
    </ClInclude>
    <ClInclude Include="include\core\operations\binduniform.h">
      <Filter>include\operations</Filter>
    </ClInclude>
    <ClInclude Include="include\core\operations\operation.h">
      <Filter>include\operations</Filter>
    </ClInclude>
    <ClInclude Include="include\core\operations\rendermesh.h">
      <Filter>include\operations</Filter>
    </ClInclude>
  </ItemGroup>
  <ItemGroup>
    <ClCompile Include="src\datatypes.cpp">
      <Filter>src</Filter>
    </ClCompile>
    <ClCompile Include="src\log.cpp">
      <Filter>src</Filter>
    </ClCompile>
    <ClCompile Include="src\meshloader.cpp">
      <Filter>src</Filter>
    </ClCompile>
    <ClCompile Include="src\rendermanager.cpp">
      <Filter>src</Filter>
    </ClCompile>
    <ClCompile Include="src\resourcemanager.cpp">
      <Filter>src</Filter>
    </ClCompile>
    <ClCompile Include="src\scenemanager.cpp">
      <Filter>src</Filter>
    </ClCompile>
    <ClCompile Include="src\scenenode.cpp">
      <Filter>src</Filter>
    </ClCompile>
    <ClCompile Include="src\shader.cpp">
      <Filter>src</Filter>
    </ClCompile>
    <ClCompile Include="src\stdafx.cpp">
      <Filter>src</Filter>
    </ClCompile>
    <ClCompile Include="src\operation.cpp">
      <Filter>src\operations</Filter>
    </ClCompile>
    <ClCompile Include="src\scenenodecomponent.cpp">
      <Filter>src\components</Filter>
    </ClCompile>
    <ClCompile Include="src\mesh.cpp">
      <Filter>src\components</Filter>
    </ClCompile>
    <ClCompile Include="src\camera.cpp">
      <Filter>src\components</Filter>
    </ClCompile>
    <ClCompile Include="src\bindattribute.cpp">
      <Filter>src\operations</Filter>
    </ClCompile>
    <ClCompile Include="src\binduniform.cpp">
      <Filter>src\operations</Filter>
    </ClCompile>
    <ClCompile Include="src\rendermesh.cpp">
      <Filter>src\operations</Filter>
    </ClCompile>
  </ItemGroup>
</Project>