Microsoft Visual Studio Solution File, Format Version 12.00
# Visual Studio 2012
Project("{8BC9CEB8-8B4A-11D0-8D11-00A0C91BC942}") = "KoRE", "KoRE.vcxproj", "{03ADC7CD-D9FA-4B74-ABA0-C4CC0E8868C1}"
EndProject
Project("{8BC9CEB8-8B4A-11D0-8D11-00A0C91BC942}") = "VoxelConeTracing", "demos\VoxelConeTracing\VoxelConeTracing.vcxproj", "{FBA56B7C-7EE9-4D53-A284-6A3202932537}"
EndProject
Global
	GlobalSection(SolutionConfigurationPlatforms) = preSolution
		Debug|Win32 = Debug|Win32
		MinSizeRel|Win32 = MinSizeRel|Win32
		Release|Win32 = Release|Win32
		RelWithDebInfo|Win32 = RelWithDebInfo|Win32
	EndGlobalSection
	GlobalSection(ProjectConfigurationPlatforms) = postSolution
		{03ADC7CD-D9FA-4B74-ABA0-C4CC0E8868C1}.Debug|Win32.ActiveCfg = Debug|Win32
		{03ADC7CD-D9FA-4B74-ABA0-C4CC0E8868C1}.Debug|Win32.Build.0 = Debug|Win32
		{03ADC7CD-D9FA-4B74-ABA0-C4CC0E8868C1}.MinSizeRel|Win32.ActiveCfg = MinSizeRel|Win32
		{03ADC7CD-D9FA-4B74-ABA0-C4CC0E8868C1}.MinSizeRel|Win32.Build.0 = MinSizeRel|Win32
		{03ADC7CD-D9FA-4B74-ABA0-C4CC0E8868C1}.Release|Win32.ActiveCfg = Release|Win32
		{03ADC7CD-D9FA-4B74-ABA0-C4CC0E8868C1}.Release|Win32.Build.0 = Release|Win32
		{03ADC7CD-D9FA-4B74-ABA0-C4CC0E8868C1}.RelWithDebInfo|Win32.ActiveCfg = RelWithDebInfo|Win32
		{03ADC7CD-D9FA-4B74-ABA0-C4CC0E8868C1}.RelWithDebInfo|Win32.Build.0 = RelWithDebInfo|Win32
		{FBA56B7C-7EE9-4D53-A284-6A3202932537}.Debug|Win32.ActiveCfg = Debug|Win32
		{FBA56B7C-7EE9-4D53-A284-6A3202932537}.Debug|Win32.Build.0 = Debug|Win32
		{FBA56B7C-7EE9-4D53-A284-6A3202932537}.MinSizeRel|Win32.ActiveCfg = MinSizeRel|Win32
		{FBA56B7C-7EE9-4D53-A284-6A3202932537}.MinSizeRel|Win32.Build.0 = MinSizeRel|Win32
		{FBA56B7C-7EE9-4D53-A284-6A3202932537}.Release|Win32.ActiveCfg = Release|Win32
		{FBA56B7C-7EE9-4D53-A284-6A3202932537}.Release|Win32.Build.0 = Release|Win32
		{FBA56B7C-7EE9-4D53-A284-6A3202932537}.RelWithDebInfo|Win32.ActiveCfg = RelWithDebInfo|Win32
		{FBA56B7C-7EE9-4D53-A284-6A3202932537}.RelWithDebInfo|Win32.Build.0 = RelWithDebInfo|Win32
	EndGlobalSection
	GlobalSection(SolutionProperties) = preSolution
		HideSolutionNode = FALSE
	EndGlobalSection
EndGlobal
