<?xml version="1.0" encoding="utf-8"?>
<Project ToolsVersion="4.0" xmlns="http://schemas.microsoft.com/developer/msbuild/2003">
  <ItemGroup>
    <ClCompile Include="src\KoRE\Components\Camera.cpp">
      <Filter>Source Files</Filter>
    </ClCompile>
    <ClCompile Include="src\KoRE\Components\SceneNodeComponent.cpp">
      <Filter>Source Files</Filter>
    </ClCompile>
    <ClCompile Include="src\KoRE\DataTypes.cpp">
      <Filter>Source Files</Filter>
    </ClCompile>
    <ClCompile Include="src\KoRE\Log.cpp">
      <Filter>Source Files</Filter>
    </ClCompile>
    <ClCompile Include="src\KoRE\MeshLoader.cpp">
      <Filter>Source Files</Filter>
    </ClCompile>
    <ClCompile Include="src\KoRE\Operations\BindAttribute.cpp">
      <Filter>Source Files</Filter>
    </ClCompile>
    <ClCompile Include="src\KoRE\Operations\BindUniform.cpp">
      <Filter>Source Files</Filter>
    </ClCompile>
    <ClCompile Include="src\KoRE\Operations\Operation.cpp">
      <Filter>Source Files</Filter>
    </ClCompile>
    <ClCompile Include="src\KoRE\Operations\RenderMesh.cpp">
      <Filter>Source Files</Filter>
    </ClCompile>
    <ClCompile Include="src\KoRE\Operations\SelectNodes.cpp">
      <Filter>Source Files</Filter>
    </ClCompile>
    <ClCompile Include="src\KoRE\ProjectLoader.cpp">
      <Filter>Source Files</Filter>
    </ClCompile>
    <ClCompile Include="src\KoRE\RenderManager.cpp">
      <Filter>Source Files</Filter>
    </ClCompile>
    <ClCompile Include="src\KoRE\ResourceManager.cpp">
      <Filter>Source Files</Filter>
    </ClCompile>
    <ClCompile Include="src\KoRE\SceneManager.cpp">
      <Filter>Source Files</Filter>
    </ClCompile>
    <ClCompile Include="src\KoRE\SceneNode.cpp">
      <Filter>Source Files</Filter>
    </ClCompile>
    <ClCompile Include="src\KoRE\Shader.cpp">
      <Filter>Source Files</Filter>
    </ClCompile>
    <ClCompile Include="src\KoRE\StdAfx.cpp">
      <Filter>Source Files</Filter>
    </ClCompile>
    <ClCompile Include="src\KoRE\SceneLoader.cpp">
      <Filter>Source Files</Filter>
    </ClCompile>
    <ClCompile Include="src\KoRE\Components\Transform.cpp">
      <Filter>Source Files</Filter>
    </ClCompile>
    <ClCompile Include="src\KoRE\Timer.cpp">
      <Filter>Source Files</Filter>
    </ClCompile>
    <ClCompile Include="src\KoRE\Loader\lodepng.cpp">
      <Filter>Source Files</Filter>
    </ClCompile>
    <ClCompile Include="src\KoRE\TextureLoader.cpp">
      <Filter>Source Files</Filter>
    </ClCompile>
    <ClCompile Include="src\KoRE\Components\MeshComponent.cpp">
      <Filter>Source Files</Filter>
    </ClCompile>
    <ClCompile Include="Source Files\Texture.cpp">
      <Filter>Source Files</Filter>
    </ClCompile>
    <ClCompile Include="src\KoRE\Mesh.cpp" />
    <ClCompile Include="Texture.cpp" />
    <ClCompile Include="src\KoRE\Components\TexturesComponent.cpp">
      <Filter>Source Files</Filter>
    </ClCompile>
  </ItemGroup>
  <ItemGroup>
    <ClInclude Include="src\KoRE\Common.h">
      <Filter>Header Files</Filter>
    </ClInclude>
    <ClInclude Include="src\KoRE\DataTypes.h">
      <Filter>Header Files</Filter>
    </ClInclude>
    <ClInclude Include="src\KoRE\Log.h">
      <Filter>Header Files</Filter>
    </ClInclude>
    <ClInclude Include="src\KoRE\Operations\Operation.h">
      <Filter>Header Files</Filter>
    </ClInclude>
    <ClInclude Include="src\KoRE\Operations\SelectNodes.h">
      <Filter>Header Files</Filter>
    </ClInclude>
    <ClInclude Include="src\KoRE\RenderManager.h">
      <Filter>Header Files</Filter>
    </ClInclude>
    <ClInclude Include="src\KoRE\ResourceManager.h">
      <Filter>Header Files</Filter>
    </ClInclude>
    <ClInclude Include="src\KoRE\SceneManager.h">
      <Filter>Header Files</Filter>
    </ClInclude>
    <ClInclude Include="src\KoRE\SceneNode.h">
      <Filter>Header Files</Filter>
    </ClInclude>
    <ClInclude Include="src\KoRE\Shader.h">
      <Filter>Header Files</Filter>
    </ClInclude>
    <ClInclude Include="src\KoRE\StdAfx.h">
      <Filter>Header Files</Filter>
    </ClInclude>
    <ClInclude Include="src\KoRE\Components\Transform.h">
      <Filter>Header Files\Components</Filter>
    </ClInclude>
    <ClInclude Include="src\KoRE\Components\Values.h">
      <Filter>Header Files\Components</Filter>
    </ClInclude>
    <ClInclude Include="src\KoRE\Components\Camera.h">
      <Filter>Header Files\Components</Filter>
    </ClInclude>
    <ClInclude Include="src\KoRE\Components\SceneNodeComponent.h">
      <Filter>Header Files\Components</Filter>
    </ClInclude>
    <ClInclude Include="src\KoRE\Operations\BindAttribute.h">
      <Filter>Header Files\Operations</Filter>
    </ClInclude>
    <ClInclude Include="src\KoRE\Operations\BindUniform.h">
      <Filter>Header Files\Operations</Filter>
    </ClInclude>
    <ClInclude Include="src\KoRE\Operations\RenderMesh.h">
      <Filter>Header Files\Operations</Filter>
    </ClInclude>
    <ClInclude Include="src\KoRE\MeshLoader.h">
      <Filter>Header Files\Loader</Filter>
    </ClInclude>
    <ClInclude Include="src\KoRE\ProjectLoader.h">
      <Filter>Header Files\Loader</Filter>
    </ClInclude>
    <ClInclude Include="src\KoRE\SceneLoader.h">
      <Filter>Header Files\Loader</Filter>
    </ClInclude>
    <ClInclude Include="src\KoRE\Timer.h">
      <Filter>Header Files</Filter>
    </ClInclude>
    <ClInclude Include="src\KoRE\Loader\lodepng.h">
      <Filter>Header Files\Loader</Filter>
    </ClInclude>
    <ClInclude Include="src\KoRE\Loader\TextureLoader.h">
      <Filter>Header Files\Loader</Filter>
    </ClInclude>
    <ClInclude Include="src\KoRE\Texture.h">
      <Filter>Header Files</Filter>
    </ClInclude>
    <ClInclude Include="src\KoRE\Components\MeshComponent.h">
      <Filter>Header Files\Components</Filter>
    </ClInclude>
    <ClInclude Include="src\KoRE\Mesh.h">
      <Filter>Header Files</Filter>
    </ClInclude>
    <ClInclude Include="src\KoRE\Components\TexturesComponent.h">
      <Filter>Header Files\Components</Filter>
    </ClInclude>
  </ItemGroup>
  <ItemGroup>
    <Filter Include="Source Files">
      <UniqueIdentifier>{5478D136-F5FD-4898-934B-61B4E35F0066}</UniqueIdentifier>
    </Filter>
    <Filter Include="Header Files">
      <UniqueIdentifier>{B2CAFB9F-3CC6-4001-9271-B3473E941102}</UniqueIdentifier>
    </Filter>
    <Filter Include="Header Files\Components">
      <UniqueIdentifier>{1fc6c413-ae68-49a7-8660-82b329e19200}</UniqueIdentifier>
    </Filter>
    <Filter Include="Header Files\Operations">
      <UniqueIdentifier>{b37e9797-44a5-449a-a67e-8177e7ca7ade}</UniqueIdentifier>
    </Filter>
    <Filter Include="Header Files\Loader">
      <UniqueIdentifier>{367ae898-049c-455f-8b67-adbefae4bc06}</UniqueIdentifier>
    </Filter>
  </ItemGroup>
</Project>