
Microsoft Visual Studio Solution File, Format Version 11.00
# Visual Studio 2010
Project("{8BC9CEB8-8B4A-11D0-8D11-00A0C91BC942}") = "core", "core\core.vcxproj", "{B851B68F-DA2D-4F44-8FE5-A400094F2C87}"
EndProject
Project("{2150E333-8FDC-42A3-9474-1A3956D46DE8}") = "assets", "assets", "{478EF097-9C8E-442C-A614-3351D87CEDC6}"
EndProject
Project("{2150E333-8FDC-42A3-9474-1A3956D46DE8}") = "shader", "shader", "{E2BFA9E3-C84D-433E-A5E8-17CDD6D7311D}"
	ProjectSection(SolutionItems) = preProject
		bin\assets\shader\simple.fp = bin\assets\shader\simple.fp
		bin\assets\shader\simple.vp = bin\assets\shader\simple.vp
	EndProjectSection
EndProject
Global
	GlobalSection(SolutionConfigurationPlatforms) = preSolution
		Debug|Win32 = Debug|Win32
		Release|Win32 = Release|Win32
	EndGlobalSection
	GlobalSection(ProjectConfigurationPlatforms) = postSolution
		{B851B68F-DA2D-4F44-8FE5-A400094F2C87}.Debug|Win32.ActiveCfg = Debug|Win32
		{B851B68F-DA2D-4F44-8FE5-A400094F2C87}.Debug|Win32.Build.0 = Debug|Win32
		{B851B68F-DA2D-4F44-8FE5-A400094F2C87}.Release|Win32.ActiveCfg = Release|Win32
		{B851B68F-DA2D-4F44-8FE5-A400094F2C87}.Release|Win32.Build.0 = Release|Win32
	EndGlobalSection
	GlobalSection(SolutionProperties) = preSolution
		HideSolutionNode = FALSE
	EndGlobalSection
	GlobalSection(NestedProjects) = preSolution
		{E2BFA9E3-C84D-433E-A5E8-17CDD6D7311D} = {478EF097-9C8E-442C-A614-3351D87CEDC6}
	EndGlobalSection
EndGlobal
