<?xml version="1.0" encoding="utf-8"?>
<Project ToolsVersion="4.0" xmlns="http://schemas.microsoft.com/developer/msbuild/2003">
  <ItemGroup>
    <ClCompile Include="src\KoRE\Operations\SelectNodes.cpp">
      <Filter>src\Operations</Filter>
    </ClCompile>
    <ClCompile Include="src\KoRE\Components\TexturesComponent.cpp">
      <Filter>src\Components</Filter>
    </ClCompile>
    <ClCompile Include="src\KoRE\Components\Transform.cpp">
      <Filter>src\Components</Filter>
    </ClCompile>
    <ClCompile Include="src\KoRE\Components\SceneNodeComponent.cpp">
      <Filter>src\Components</Filter>
    </ClCompile>
    <ClCompile Include="src\KoRE\Components\MeshComponent.cpp">
      <Filter>src\Components</Filter>
    </ClCompile>
    <ClCompile Include="src\KoRE\Operations\Operation.cpp">
      <Filter>src\Operations</Filter>
    </ClCompile>
    <ClCompile Include="src\KoRE\Components\Camera.cpp">
      <Filter>src</Filter>
    </ClCompile>
    <ClCompile Include="src\KoRE\DataTypes.cpp">
      <Filter>src</Filter>
    </ClCompile>
    <ClCompile Include="src\KoRE\Log.cpp">
      <Filter>src</Filter>
    </ClCompile>
    <ClCompile Include="src\KoRE\Mesh.cpp">
      <Filter>src</Filter>
    </ClCompile>
    <ClCompile Include="src\KoRE\RenderManager.cpp">
      <Filter>src</Filter>
    </ClCompile>
    <ClCompile Include="src\KoRE\ResourceManager.cpp">
      <Filter>src</Filter>
    </ClCompile>
    <ClCompile Include="src\KoRE\SceneManager.cpp">
      <Filter>src</Filter>
    </ClCompile>
    <ClCompile Include="src\KoRE\SceneNode.cpp">
      <Filter>src</Filter>
    </ClCompile>
    <ClCompile Include="src\KoRE\StdAfx.cpp">
      <Filter>src</Filter>
    </ClCompile>
    <ClCompile Include="src\KoRE\Texture.cpp">
      <Filter>src</Filter>
    </ClCompile>
    <ClCompile Include="src\KoRE\Timer.cpp">
      <Filter>src</Filter>
    </ClCompile>
    <ClCompile Include="src\KoRE\TextureSampler.cpp">
      <Filter>src</Filter>
    </ClCompile>
    <ClCompile Include="src\KoRE\Loader\MeshLoader.cpp">
      <Filter>src\Loader</Filter>
    </ClCompile>
    <ClCompile Include="src\KoRE\Loader\ProjectLoader.cpp">
      <Filter>src\Loader</Filter>
    </ClCompile>
    <ClCompile Include="src\KoRE\Loader\SceneLoader.cpp">
      <Filter>src\Loader</Filter>
    </ClCompile>
    <ClCompile Include="src\KoRE\Loader\TextureLoader.cpp">
      <Filter>src\Loader</Filter>
    </ClCompile>
    <ClCompile Include="src\KoRE\Loader\lodepng.cpp">
      <Filter>src\Loader</Filter>
    </ClCompile>
    <ClCompile Include="src\KoRE\Operations\RenderMesh.cpp">
      <Filter>src\Operations</Filter>
    </ClCompile>
    <ClCompile Include="src\KoRE\Components\LightComponent.cpp">
      <Filter>src\Components</Filter>
    </ClCompile>
    <ClCompile Include="src\KoRE\FrameBuffer.cpp">
      <Filter>src</Filter>
    </ClCompile>
    <ClCompile Include="src\KoRE\ShaderInput.cpp">
      <Filter>src</Filter>
    </ClCompile>
    <ClCompile Include="src\KoRE\ShaderData.cpp">
      <Filter>src</Filter>
    </ClCompile>
    <ClCompile Include="src\KoRE\ShaderOutput.cpp">
      <Filter>src</Filter>
    </ClCompile>
    <ClCompile Include="src\KoRE\Operations\BindOperations\BindAttribute.cpp">
      <Filter>src\Operations\BindOperations</Filter>
    </ClCompile>
    <ClCompile Include="src\KoRE\Operations\BindOperations\BindTexture.cpp">
      <Filter>src\Operations\BindOperations</Filter>
    </ClCompile>
    <ClCompile Include="src\KoRE\Operations\BindOperations\BindUniform.cpp">
      <Filter>src\Operations\BindOperations</Filter>
    </ClCompile>
    <ClCompile Include="src\KoRE\CompatibleNodeGroup.cpp">
      <Filter>src</Filter>
    </ClCompile>
    <ClCompile Include="src\KoRE\ShaderProgram.cpp">
      <Filter>src</Filter>
    </ClCompile>
    <ClCompile Include="src\KoRE\Operations\BindOperations\BindOperation.cpp">
      <Filter>src\Operations\BindOperations</Filter>
    </ClCompile>
    <ClCompile Include="src\KoRE\Operations\UseFBO.cpp">
      <Filter>src\Operations</Filter>
    </ClCompile>
    <ClCompile Include="src\KoRE\Operations\UseShaderProgram.cpp">
      <Filter>src\Operations</Filter>
    </ClCompile>
    <ClCompile Include="src\KoRE\Passes\NodePass.cpp">
      <Filter>src\Passes</Filter>
    </ClCompile>
    <ClCompile Include="src\KoRE\Passes\ShaderProgramPass.cpp">
      <Filter>src\Passes</Filter>
    </ClCompile>
    <ClCompile Include="src\KoRE\Passes\FrameBufferStage.cpp">
      <Filter>src\Passes</Filter>
    </ClCompile>
    <ClCompile Include="src\KoRE\Optimization\Optimizer.cpp">
      <Filter>src\Optimization</Filter>
    </ClCompile>
    <ClCompile Include="src\KoRE\Optimization\SimpleOptimizer.cpp">
      <Filter>src\Optimization</Filter>
    </ClCompile>
    <ClCompile Include="src\KoRE\Operations\BindOperations\BindImageTexture.cpp">
      <Filter>src\Operations\BindOperations</Filter>
    </ClCompile>
    <ClCompile Include="src\KoRE\Operations\MemoryBarrierOp.cpp">
      <Filter>src\Operations</Filter>
    </ClCompile>
    <ClCompile Include="src\KoRE\Components\Material.cpp">
      <Filter>src\Components</Filter>
    </ClCompile>
    <ClCompile Include="src\KoRE\Components\MaterialComponent.cpp">
      <Filter>src\Components</Filter>
    </ClCompile>
    <ClCompile Include="src\KoRE\Operations\OperationFactory.cpp">
      <Filter>src\Operations</Filter>
    </ClCompile>
    <ClCompile Include="src\KoRE\Operations\UseAtomicCounterBuffer.cpp">
      <Filter>src\Operations</Filter>
    </ClCompile>
    <ClCompile Include="src\KoRE\Operations\ResetAtomicCounterBuffer.cpp">
      <Filter>src\Operations</Filter>
    </ClCompile>
    <ClCompile Include="src\KoRE\IDManager.cpp">
      <Filter>src</Filter>
    </ClCompile>
    <ClCompile Include="src\KoRE\BaseResource.cpp">
      <Filter>src</Filter>
    </ClCompile>
    <ClCompile Include="src\KoRE\IndexedBuffer.cpp">
      <Filter>src</Filter>
    </ClCompile>
    <ClCompile Include="src\KoRE\Operations\EnableDisableOp.cpp">
      <Filter>src\Operations</Filter>
    </ClCompile>
    <ClCompile Include="src\KoRE\Shader.cpp">
      <Filter>src</Filter>
    </ClCompile>
    <ClCompile Include="src\KoRE\Operations\ColorMaskOp.cpp">
      <Filter>src\Operations</Filter>
    </ClCompile>
    <ClCompile Include="src\KoRE\Operations\ViewportOp.cpp">
      <Filter>src\Operations</Filter>
    </ClCompile>
    <ClCompile Include="src\KoRE\TextureBuffer.cpp">
      <Filter>src</Filter>
    </ClCompile>
  </ItemGroup>
  <ItemGroup>
    <ClInclude Include="src\KoRE\Operations\SelectNodes.h">
      <Filter>src\Operations</Filter>
    </ClInclude>
    <ClInclude Include="src\KoRE\Components\TexturesComponent.h">
      <Filter>src\Components</Filter>
    </ClInclude>
    <ClInclude Include="src\KoRE\Components\Transform.h">
      <Filter>src\Components</Filter>
    </ClInclude>
    <ClInclude Include="src\KoRE\Components\SceneNodeComponent.h">
      <Filter>src\Components</Filter>
    </ClInclude>
    <ClInclude Include="src\KoRE\Components\MeshComponent.h">
      <Filter>src\Components</Filter>
    </ClInclude>
    <ClInclude Include="src\KoRE\Operations\Operation.h">
      <Filter>src\Operations</Filter>
    </ClInclude>
    <ClInclude Include="src\KoRE\Components\Camera.h">
      <Filter>src</Filter>
    </ClInclude>
    <ClInclude Include="src\KoRE\Common.h">
      <Filter>src</Filter>
    </ClInclude>
    <ClInclude Include="src\KoRE\DataTypes.h">
      <Filter>src</Filter>
    </ClInclude>
    <ClInclude Include="src\KoRE\Log.h">
      <Filter>src</Filter>
    </ClInclude>
    <ClInclude Include="src\KoRE\Mesh.h">
      <Filter>src</Filter>
    </ClInclude>
    <ClInclude Include="src\KoRE\RenderManager.h">
      <Filter>src</Filter>
    </ClInclude>
    <ClInclude Include="src\KoRE\ResourceManager.h">
      <Filter>src</Filter>
    </ClInclude>
    <ClInclude Include="src\KoRE\SceneManager.h">
      <Filter>src</Filter>
    </ClInclude>
    <ClInclude Include="src\KoRE\SceneNode.h">
      <Filter>src</Filter>
    </ClInclude>
    <ClInclude Include="src\KoRE\StdAfx.h">
      <Filter>src</Filter>
    </ClInclude>
    <ClInclude Include="src\KoRE\Texture.h">
      <Filter>src</Filter>
    </ClInclude>
    <ClInclude Include="src\KoRE\Timer.h">
      <Filter>src</Filter>
    </ClInclude>
    <ClInclude Include="src\KoRE\Components\Values.h">
      <Filter>src</Filter>
    </ClInclude>
    <ClInclude Include="src\KoRE\TextureSampler.h">
      <Filter>src</Filter>
    </ClInclude>
    <ClInclude Include="src\KoRE\Loader\lodepng.h">
      <Filter>src\Loader</Filter>
    </ClInclude>
    <ClInclude Include="src\KoRE\Loader\MeshLoader.h">
      <Filter>src\Loader</Filter>
    </ClInclude>
    <ClInclude Include="src\KoRE\Loader\ProjectLoader.h">
      <Filter>src\Loader</Filter>
    </ClInclude>
    <ClInclude Include="src\KoRE\Loader\SceneLoader.h">
      <Filter>src\Loader</Filter>
    </ClInclude>
    <ClInclude Include="src\KoRE\Loader\TextureLoader.h">
      <Filter>src\Loader</Filter>
    </ClInclude>
    <ClInclude Include="src\KoRE\Operations\RenderMesh.h">
      <Filter>src\Operations</Filter>
    </ClInclude>
    <ClInclude Include="src\KoRE\GLerror.h">
      <Filter>src</Filter>
    </ClInclude>
    <ClInclude Include="src\KoRE\Components\LightComponent.h">
      <Filter>src\Components</Filter>
    </ClInclude>
    <ClInclude Include="src\KoRE\FrameBuffer.h">
      <Filter>src</Filter>
    </ClInclude>
    <ClInclude Include="src\KoRE\ShaderInput.h">
      <Filter>src</Filter>
    </ClInclude>
    <ClInclude Include="src\KoRE\ShaderData.h">
      <Filter>src</Filter>
    </ClInclude>
    <ClInclude Include="src\KoRE\ShaderOutput.h">
      <Filter>src</Filter>
    </ClInclude>
    <ClInclude Include="src\KoRE\Operations\BindOperations\BindUniform.h">
      <Filter>src\Operations\BindOperations</Filter>
    </ClInclude>
    <ClInclude Include="src\KoRE\Operations\BindOperations\BindAttribute.h">
      <Filter>src\Operations\BindOperations</Filter>
    </ClInclude>
    <ClInclude Include="src\KoRE\Operations\BindOperations\BindTexture.h">
      <Filter>src\Operations\BindOperations</Filter>
    </ClInclude>
    <ClInclude Include="src\KoRE\CompatibleNodeGroup.h">
      <Filter>src</Filter>
    </ClInclude>
    <ClInclude Include="src\KoRE\ShaderProgram.h">
      <Filter>src</Filter>
    </ClInclude>
    <ClInclude Include="src\KoRE\Operations\BindOperations\BindOperation.h">
      <Filter>src\Operations\BindOperations</Filter>
    </ClInclude>
    <ClInclude Include="src\KoRE\Operations\UseFBO.h">
      <Filter>src\Operations</Filter>
    </ClInclude>
    <ClInclude Include="src\KoRE\Operations\UseShaderProgram.h">
      <Filter>src\Operations</Filter>
    </ClInclude>
    <ClInclude Include="src\KoRE\Passes\FrameBufferStage.h">
      <Filter>src\Passes</Filter>
    </ClInclude>
    <ClInclude Include="src\KoRE\Passes\NodePass.h">
      <Filter>src\Passes</Filter>
    </ClInclude>
    <ClInclude Include="src\KoRE\Passes\ShaderProgramPass.h">
      <Filter>src\Passes</Filter>
    </ClInclude>
    <ClInclude Include="src\KoRE\Optimization\SimpleOptimizer.h">
      <Filter>src\Optimization</Filter>
    </ClInclude>
    <ClInclude Include="src\KoRE\Optimization\Optimizer.h">
      <Filter>src\Optimization</Filter>
    </ClInclude>
    <ClInclude Include="src\KoRE\Operations\BindOperations\BindImageTexture.h">
      <Filter>src\Operations\BindOperations</Filter>
    </ClInclude>
    <ClInclude Include="src\KoRE\Operations\MemoryBarrierOp.h">
      <Filter>src\Operations</Filter>
    </ClInclude>
    <ClInclude Include="src\KoRE\Events.h">
      <Filter>src</Filter>
    </ClInclude>
    <ClInclude Include="src\KoRE\Components\Material.h">
      <Filter>src\Components</Filter>
    </ClInclude>
    <ClInclude Include="src\KoRE\Components\MaterialComponent.h">
      <Filter>src\Components</Filter>
    </ClInclude>
    <ClInclude Include="src\KoRE\Operations\OperationFactory.h">
      <Filter>src\Operations</Filter>
    </ClInclude>
    <ClInclude Include="src\KoRE\Operations\UseAtomicCounterBuffer.h">
      <Filter>src\Operations</Filter>
    </ClInclude>
    <ClInclude Include="src\KoRE\Operations\ResetAtomicCounterBuffer.h">
      <Filter>src\Operations</Filter>
    </ClInclude>
    <ClInclude Include="src\KoRE\IDManager.h">
      <Filter>src</Filter>
    </ClInclude>
    <ClInclude Include="src\KoRE\BaseResource.h">
      <Filter>src</Filter>
    </ClInclude>
    <ClInclude Include="src\KoRE\IndexedBuffer.h">
      <Filter>src</Filter>
    </ClInclude>
    <ClInclude Include="src\KoRE\Shader.h">
      <Filter>src</Filter>
    </ClInclude>
    <ClInclude Include="src\KoRE\Operations\EnableDisableOp.h">
      <Filter>src\Operations</Filter>
    </ClInclude>
    <ClInclude Include="src\KoRE\Operations\ColorMaskOp.h">
      <Filter>src\Operations</Filter>
    </ClInclude>
    <ClInclude Include="src\KoRE\Operations\ViewportOp.h">
      <Filter>src\Operations</Filter>
    </ClInclude>
    <ClInclude Include="src\KoRE\TextureBuffer.h">
      <Filter>src</Filter>
    </ClInclude>
  </ItemGroup>
  <ItemGroup>
    <Filter Include="src">
      <UniqueIdentifier>{462cd515-629b-4608-80bf-6197bdb28b9c}</UniqueIdentifier>
    </Filter>
    <Filter Include="src\Operations">
      <UniqueIdentifier>{b37e9797-44a5-449a-a67e-8177e7ca7ade}</UniqueIdentifier>
    </Filter>
    <Filter Include="src\Loader">
      <UniqueIdentifier>{367ae898-049c-455f-8b67-adbefae4bc06}</UniqueIdentifier>
    </Filter>
    <Filter Include="src\Components">
      <UniqueIdentifier>{1fc6c413-ae68-49a7-8660-82b329e19200}</UniqueIdentifier>
    </Filter>
    <Filter Include="src\Operations\BindOperations">
      <UniqueIdentifier>{56a10190-b170-447c-abca-fa80048741a1}</UniqueIdentifier>
    </Filter>
    <Filter Include="src\Passes">
      <UniqueIdentifier>{9e6360e3-47d5-4f77-86a1-18b3a8d60d2b}</UniqueIdentifier>
    </Filter>
    <Filter Include="src\Optimization">
      <UniqueIdentifier>{2dfa9b56-9e40-44a1-925f-cda5d4cff627}</UniqueIdentifier>
    </Filter>
  </ItemGroup>
</Project>