<?xml version="1.0" encoding="utf-8"?>
<Project ToolsVersion="4.0" xmlns="http://schemas.microsoft.com/developer/msbuild/2003">
  <ItemGroup>
    <Filter Include="Source Dateien">
      <UniqueIdentifier>{4FC737F1-C7A5-4376-A066-2A32D752A2FF}</UniqueIdentifier>
      <Extensions>cpp;cxx;c;def</Extensions>
    </Filter>
    <Filter Include="Header Dateien">
      <UniqueIdentifier>{93995380-89BD-4b04-88EB-625FBE52EBFB}</UniqueIdentifier>
      <Extensions>h</Extensions>
    </Filter>
    <Filter Include="Form Dateien">
      <UniqueIdentifier>{99349809-55BA-4b9d-BF79-8FDBB0286EB3}</UniqueIdentifier>
      <Extensions>ui</Extensions>
    </Filter>
    <Filter Include="Resource Dateien">
      <UniqueIdentifier>{D9D6E242-F8AF-46E4-B9FD-80ECBC20BA3E}</UniqueIdentifier>
      <Extensions>qrc;*</Extensions>
      <ParseFiles>false</ParseFiles>
    </Filter>
    <Filter Include="Generierte Dateien">
      <UniqueIdentifier>{71ED8ED8-ACB9-4CE9-BBE1-E00B30144E11}</UniqueIdentifier>
      <Extensions>moc;h;cpp</Extensions>
      <SourceControlFiles>False</SourceControlFiles>
    </Filter>
    <Filter Include="Generierte Dateien\Debug">
      <UniqueIdentifier>{93764612-4ca8-498f-9997-4c96f90b7c2d}</UniqueIdentifier>
      <Extensions>cpp;moc</Extensions>
      <SourceControlFiles>False</SourceControlFiles>
    </Filter>
    <Filter Include="Generierte Dateien\Release">
      <UniqueIdentifier>{3ad2a216-227d-4a20-929b-4211416fe25e}</UniqueIdentifier>
      <Extensions>cpp;moc</Extensions>
      <SourceControlFiles>False</SourceControlFiles>
    </Filter>
  </ItemGroup>
  <ItemGroup>
    <ClInclude Include="src\KoRE_GUI\NodeItem.h">
      <Filter>Header Dateien</Filter>
    </ClInclude>
    <ClInclude Include="src\KoRE_GUI\NodePathItem.h">
      <Filter>Header Dateien</Filter>
    </ClInclude>
    <ClInclude Include="src\KoRE_GUI\ComponentItem.h">
      <Filter>Header Dateien</Filter>
    </ClInclude>
    <ClInclude Include="src\KoRE_GUI\ShaderInputItem.h">
      <Filter>Header Dateien</Filter>
    </ClInclude>
    <ClInclude Include="src\KoRE_GUI\BindPathItem.h">
      <Filter>Header Dateien</Filter>
    </ClInclude>
    <ClInclude Include="src\KoRE_GUI\ShaderProgramItem.h">
      <Filter>Header Dateien</Filter>
    </ClInclude>
    <ClInclude Include="src\KoRE_GUI\FrameBufferItem.h">
      <Filter>Header Dateien</Filter>
    </ClInclude>
    <ClInclude Include="SelectionWidget.h">
      <Filter>Header Dateien</Filter>
    </ClInclude>
    <ClInclude Include="src\KoRE_GUI\GeneratedFiles\ui_FrameBufferEditor.h">
      <Filter>Generierte Dateien</Filter>
    </ClInclude>
  </ItemGroup>
  <ItemGroup>
    <CustomBuild Include="src\KoRE_GUI\SceneViewer.h">
      <Filter>Header Dateien</Filter>
    </CustomBuild>
    <CustomBuild Include="src\KoRE_GUI\RenderViewer.h">
      <Filter>Header Dateien</Filter>
    </CustomBuild>
    <CustomBuild Include="src\KoRE_GUI\ShaderDataItem.h">
      <Filter>Header Dateien</Filter>
    </CustomBuild>
    <CustomBuild Include="src\KoRE_GUI\ResourceViewer.h">
      <Filter>Header Dateien</Filter>
    </CustomBuild>
    <CustomBuild Include="src\KoRE_GUI\KoRE_GUIStyle.h">
      <Filter>Header Dateien</Filter>
    </CustomBuild>
    <CustomBuild Include="src\KoRE_GUI\GLWidget.h">
      <Filter>Header Dateien</Filter>
    </CustomBuild>
    <CustomBuild Include="src\KoRE_GUI\FrameBufferEditor.h">
      <Filter>Header Dateien</Filter>
    </CustomBuild>
    <CustomBuild Include="src\KoRE_GUI\FrameBufferEditor.ui">
      <Filter>Form Dateien</Filter>
    </CustomBuild>
  </ItemGroup>
  <ItemGroup>
    <ClCompile Include="src\KoRE_GUI\main.cpp">
      <Filter>Source Dateien</Filter>
    </ClCompile>
    <ClCompile Include="src\KoRE_GUI\NodeItem.cpp">
      <Filter>Source Dateien</Filter>
    </ClCompile>
    <ClCompile Include="src\KoRE_GUI\SceneViewer.cpp">
      <Filter>Source Dateien</Filter>
    </ClCompile>
    <ClCompile Include="src\KoRE_GUI\GeneratedFiles\Debug\moc_SceneViewer.cpp">
      <Filter>Generierte Dateien\Debug</Filter>
    </ClCompile>
    <ClCompile Include="src\KoRE_GUI\ShaderDataItem.cpp">
      <Filter>Source Dateien</Filter>
    </ClCompile>
    <ClCompile Include="src\KoRE_GUI\NodePathItem.cpp">
      <Filter>Source Dateien</Filter>
    </ClCompile>
    <ClCompile Include="src\KoRE_GUI\ComponentItem.cpp">
      <Filter>Source Dateien</Filter>
    </ClCompile>
    <ClCompile Include="src\KoRE_GUI\GeneratedFiles\Debug\moc_RenderViewer.cpp">
      <Filter>Generierte Dateien\Debug</Filter>
    </ClCompile>
    <ClCompile Include="src\KoRE_GUI\GeneratedFiles\Release\moc_RenderViewer.cpp">
      <Filter>Generierte Dateien\Release</Filter>
    </ClCompile>
    <ClCompile Include="src\KoRE_GUI\RenderViewer.cpp">
      <Filter>Source Dateien</Filter>
    </ClCompile>
    <ClCompile Include="src\KoRE_GUI\ShaderInputItem.cpp">
      <Filter>Source Dateien</Filter>
    </ClCompile>
    <ClCompile Include="src\KoRE_GUI\ShaderProgramItem.cpp">
      <Filter>Source Dateien</Filter>
    </ClCompile>
    <ClCompile Include="src\KoRE_GUI\BindPathItem.cpp">
      <Filter>Source Dateien</Filter>
    </ClCompile>
    <ClCompile Include="src\KoRE_GUI\FrameBufferItem.cpp">
      <Filter>Source Dateien</Filter>
    </ClCompile>
    <ClCompile Include="src\KoRE_GUI\GeneratedFiles\Debug\moc_ResourceViewer.cpp">
      <Filter>Generierte Dateien\Debug</Filter>
    </ClCompile>
    <ClCompile Include="src\KoRE_GUI\GeneratedFiles\Release\moc_ResourceViewer.cpp">
      <Filter>Generierte Dateien\Release</Filter>
    </ClCompile>
    <ClCompile Include="src\KoRE_GUI\GeneratedFiles\Debug\moc_KoRE_GUIStyle.cpp">
      <Filter>Generierte Dateien\Debug</Filter>
    </ClCompile>
    <ClCompile Include="src\KoRE_GUI\GeneratedFiles\Release\moc_KoRE_GUIStyle.cpp">
      <Filter>Generierte Dateien\Release</Filter>
    </ClCompile>
    <ClCompile Include="src\KoRE_GUI\KoRE_GUIStyle.cpp">
      <Filter>Source Dateien</Filter>
    </ClCompile>
    <ClCompile Include="src\KoRE_GUI\ResourceViewer.cpp">
      <Filter>Source Dateien</Filter>
    </ClCompile>
    <ClCompile Include="src\KoRE_GUI\GeneratedFiles\Debug\moc_GLWidget.cpp">
      <Filter>Generierte Dateien\Debug</Filter>
    </ClCompile>
    <ClCompile Include="src\KoRE_GUI\GeneratedFiles\Release\moc_GLWidget.cpp">
      <Filter>Generierte Dateien\Release</Filter>
    </ClCompile>
    <ClCompile Include="src\KoRE_GUI\GLWidget.cpp">
      <Filter>Source Dateien</Filter>
    </ClCompile>
    <ClCompile Include="src\KoRE_GUI\FrameBufferEditor.cpp">
      <Filter>Source Dateien</Filter>
    </ClCompile>
    <ClCompile Include="src\KoRE_GUI\GeneratedFiles\Debug\moc_FrameBufferEditor.cpp">
      <Filter>Generierte Dateien\Debug</Filter>
    </ClCompile>
    <ClCompile Include="src\KoRE_GUI\GeneratedFiles\Release\moc_FrameBufferEditor.cpp">
      <Filter>Generierte Dateien\Release</Filter>
    </ClCompile>
  </ItemGroup>
</Project>