<?xml version="1.0" encoding="utf-8"?>
<Project ToolsVersion="4.0" xmlns="http://schemas.microsoft.com/developer/msbuild/2003">
  <ItemGroup>
    <ClCompile Include="src\VoxelConeTracing\FullscreenQuad.cpp">
      <Filter>src</Filter>
    </ClCompile>
    <ClCompile Include="src\VoxelConeTracing\main.cpp">
      <Filter>src</Filter>
    </ClCompile>
    <ClCompile Include="src\VoxelConeTracing\Cube.cpp">
      <Filter>src</Filter>
    </ClCompile>
    <ClCompile Include="src\VoxelConeTracing\CubeVolume.cpp">
      <Filter>src</Filter>
    </ClCompile>
    <ClCompile Include="src\VoxelConeTracing\VCTscene.cpp">
      <Filter>src</Filter>
    </ClCompile>
    <ClCompile Include="src\VoxelConeTracing\VoxelizePass.cpp">
      <Filter>src</Filter>
    </ClCompile>
    <ClCompile Include="src\VoxelConeTracing\RayCastingPass.cpp">
      <Filter>src</Filter>
    </ClCompile>
    <ClCompile Include="src\VoxelConeTracing\vsDebugLib.cpp">
      <Filter>src</Filter>
    </ClCompile>
    <ClCompile Include="src\VoxelConeTracing\OctreeVisPass.cpp">
      <Filter>src</Filter>
    </ClCompile>
    <ClCompile Include="src\VoxelConeTracing\ObFlagPass.cpp">
      <Filter>src</Filter>
    </ClCompile>
  </ItemGroup>
  <ItemGroup>
    <Filter Include="src">
      <UniqueIdentifier>{0f0c3c26-026b-4d09-a040-a3505fae1021}</UniqueIdentifier>
    </Filter>
    <Filter Include="shader">
      <UniqueIdentifier>{71bd1851-892e-4181-891e-d2026d456e2b}</UniqueIdentifier>
    </Filter>
  </ItemGroup>
  <ItemGroup>
    <ClInclude Include="src\VoxelConeTracing\FullscreenQuad.h">
      <Filter>src</Filter>
    </ClInclude>
    <ClInclude Include="src\VoxelConeTracing\Cube.h">
      <Filter>src</Filter>
    </ClInclude>
    <ClInclude Include="src\VoxelConeTracing\CubeVolume.h">
      <Filter>src</Filter>
    </ClInclude>
    <ClInclude Include="src\VoxelConeTracing\VCTscene.h">
      <Filter>src</Filter>
    </ClInclude>
    <ClInclude Include="src\VoxelConeTracing\VoxelizePass.h">
      <Filter>src</Filter>
    </ClInclude>
    <ClInclude Include="src\VoxelConeTracing\RayCastingPass.h">
      <Filter>src</Filter>
    </ClInclude>
    <ClInclude Include="src\VoxelConeTracing\vsDebugLib.h">
      <Filter>src</Filter>
    </ClInclude>
    <ClInclude Include="src\VoxelConeTracing\OctreeVisPass.h">
      <Filter>src</Filter>
    </ClInclude>
    <ClInclude Include="src\VoxelConeTracing\ObFlagPass.h">
      <Filter>src</Filter>
    </ClInclude>
  </ItemGroup>
  <ItemGroup>
    <None Include="..\bin\assets\shader\VoxelConeTracing\voxelizeFrag.shader">
      <Filter>shader</Filter>
    </None>
    <None Include="..\bin\assets\shader\VoxelConeTracing\voxelizeGeom.shader">
      <Filter>shader</Filter>
    </None>
    <None Include="..\bin\assets\shader\VoxelConeTracing\voxelizeVert.shader">
      <Filter>shader</Filter>
    </None>
    <None Include="..\bin\assets\shader\octreeVisFrag.shader">
      <Filter>shader</Filter>
    </None>
    <None Include="..\bin\assets\shader\VoxelConeTracing\raycastFrag.shader">
      <Filter>shader</Filter>
    </None>
    <None Include="..\bin\assets\shader\VoxelConeTracing\raycastVert.shader">
      <Filter>shader</Filter>
    </None>
  </ItemGroup>
</Project>