<?xml version="1.0" encoding="utf-8"?>
<Project ToolsVersion="4.0" xmlns="http://schemas.microsoft.com/developer/msbuild/2003">
  <ItemGroup>
    <ClCompile Include="src\VoxelConeTracing\FullscreenQuad.cpp">
      <Filter>src</Filter>
    </ClCompile>
    <ClCompile Include="src\VoxelConeTracing\main.cpp">
      <Filter>src</Filter>
    </ClCompile>
    <ClCompile Include="src\VoxelConeTracing\Cube.cpp">
      <Filter>src</Filter>
    </ClCompile>
    <ClCompile Include="src\VoxelConeTracing\CubeVolume.cpp">
      <Filter>src</Filter>
    </ClCompile>
    <ClCompile Include="src\VoxelConeTracing\vsDebugLib.cpp">
      <Filter>src</Filter>
    </ClCompile>
    <ClCompile Include="src\VoxelConeTracing\Octree Building\ObFlagPass.cpp">
      <Filter>src\Octree Building</Filter>
    </ClCompile>
    <ClCompile Include="src\VoxelConeTracing\Octree Building\ObInitPass.cpp">
      <Filter>src\Octree Building</Filter>
    </ClCompile>
    <ClCompile Include="src\VoxelConeTracing\Octree Building\ObAllocatePass.cpp">
      <Filter>src\Octree Building</Filter>
    </ClCompile>
    <ClCompile Include="src\VoxelConeTracing\Raycasting\RayCastingPass.cpp">
      <Filter>src\Raycasting</Filter>
    </ClCompile>
    <ClCompile Include="src\VoxelConeTracing\Raycasting\OctreeVisPass.cpp">
      <Filter>src\Raycasting</Filter>
    </ClCompile>
    <ClCompile Include="src\VoxelConeTracing\Voxelization\VoxelizePass.cpp">
      <Filter>src\Voxelization</Filter>
    </ClCompile>
    <ClCompile Include="src\VoxelConeTracing\Octree Building\ModifyIndirectBufferPass.cpp">
      <Filter>src\Octree Building</Filter>
    </ClCompile>
    <ClCompile Include="src\VoxelConeTracing\Debug\Debugpass.cpp">
      <Filter>src\Debug</Filter>
    </ClCompile>
    <ClCompile Include="src\VoxelConeTracing\Util\MathUtil.cpp">
      <Filter>src\Util</Filter>
    </ClCompile>
    <ClCompile Include="src\VoxelConeTracing\Octree Mipmap\WriteLeafNodesPass.cpp">
      <Filter>src\Octree Mipmap</Filter>
    </ClCompile>
    <ClCompile Include="src\VoxelConeTracing\Scene\NodePool.cpp">
      <Filter>src\Scene</Filter>
    </ClCompile>
    <ClCompile Include="src\VoxelConeTracing\Scene\VCTscene.cpp">
      <Filter>src\Scene</Filter>
    </ClCompile>
    <ClCompile Include="src\VoxelConeTracing\Scene\VoxelFragList.cpp">
      <Filter>src\Scene</Filter>
    </ClCompile>
    <ClCompile Include="src\VoxelConeTracing\Octree Building\ObClearPass.cpp">
      <Filter>src\Octree Building</Filter>
    </ClCompile>
    <ClCompile Include="src\VoxelConeTracing\Raycasting\ConeTracePass.cpp">
      <Filter>src\Raycasting</Filter>
    </ClCompile>
    <ClCompile Include="src\VoxelConeTracing\Rendering\DeferredPass.cpp">
      <Filter>src\Rendering</Filter>
    </ClCompile>
    <ClCompile Include="src\VoxelConeTracing\Rendering\RenderPass.cpp">
      <Filter>src\Rendering</Filter>
    </ClCompile>
    <ClCompile Include="src\VoxelConeTracing\Scene\BrickPool.cpp">
      <Filter>src\Scene</Filter>
    </ClCompile>
    <ClCompile Include="src\VoxelConeTracing\Rendering\ShadowMapPass.cpp">
      <Filter>src\Rendering</Filter>
    </ClCompile>
    <ClCompile Include="src\VoxelConeTracing\Octree Mipmap\LightInjectionPass.cpp">
      <Filter>src\Octree Mipmap</Filter>
    </ClCompile>
    <ClCompile Include="src\VoxelConeTracing\Stages\SVOconstructionStage.cpp">
      <Filter>src\Stages</Filter>
    </ClCompile>
    <ClCompile Include="src\VoxelConeTracing\Stages\GBufferStage.cpp">
      <Filter>src\Stages</Filter>
    </ClCompile>
    <ClCompile Include="src\VoxelConeTracing\Stages\ShadowMapStage.cpp">
      <Filter>src\Stages</Filter>
    </ClCompile>
    <ClCompile Include="src\VoxelConeTracing\Octree Building\NeighbourPointersPass.cpp">
      <Filter>src\Octree Building</Filter>
    </ClCompile>
    <ClCompile Include="src\VoxelConeTracing\Octree Building\ObClearNeighboursPass.cpp">
      <Filter>src\Octree Building</Filter>
    </ClCompile>
    <ClCompile Include="src\VoxelConeTracing\Octree Mipmap\BorderTransferPass.cpp">
      <Filter>src\Octree Mipmap</Filter>
    </ClCompile>
    <ClCompile Include="src\VoxelConeTracing\Octree Building\ClearBrickTexPass.cpp">
      <Filter>src\Octree Building</Filter>
    </ClCompile>
    <ClCompile Include="src\VoxelConeTracing\Octree Mipmap\MipmapCenterPass.cpp">
      <Filter>src\Octree Mipmap</Filter>
    </ClCompile>
    <ClCompile Include="src\VoxelConeTracing\Octree Mipmap\MipmapCornersPass.cpp">
      <Filter>src\Octree Mipmap</Filter>
    </ClCompile>
    <ClCompile Include="src\VoxelConeTracing\Octree Mipmap\MipmapFacesPass.cpp">
      <Filter>src\Octree Mipmap</Filter>
    </ClCompile>
    <ClCompile Include="src\VoxelConeTracing\Octree Mipmap\SpreadLeafBricksPass.cpp">
      <Filter>src\Octree Mipmap</Filter>
    </ClCompile>
    <ClCompile Include="src\VoxelConeTracing\Octree Building\AllocBricksPass.cpp">
      <Filter>src\Octree Building</Filter>
    </ClCompile>
    <ClCompile Include="src\VoxelConeTracing\Octree Mipmap\MipmapEdgesPass.cpp">
      <Filter>src\Octree Mipmap</Filter>
    </ClCompile>
    <ClCompile Include="src\VoxelConeTracing\Stages\SVOlightUpdateStage.cpp">
      <Filter>src\Stages</Filter>
    </ClCompile>
    <ClCompile Include="src\VoxelConeTracing\Octree Building\ClearNodeMapPass.cpp">
      <Filter>src\Octree Building</Filter>
    </ClCompile>
    <ClCompile Include="src\VoxelConeTracing\Scene\VoxelFragTex.cpp">
      <Filter>src\Scene</Filter>
    </ClCompile>
    <ClCompile Include="src\VoxelConeTracing\Voxelization\VoxelizeClearPass.cpp">
      <Filter>src\Voxelization</Filter>
    </ClCompile>
  </ItemGroup>
  <ItemGroup>
    <Filter Include="src">
      <UniqueIdentifier>{0f0c3c26-026b-4d09-a040-a3505fae1021}</UniqueIdentifier>
    </Filter>
    <Filter Include="shader">
      <UniqueIdentifier>{71bd1851-892e-4181-891e-d2026d456e2b}</UniqueIdentifier>
    </Filter>
    <Filter Include="src\Voxelization">
      <UniqueIdentifier>{ca8db891-1f92-4802-aada-cb00cb50819b}</UniqueIdentifier>
    </Filter>
    <Filter Include="src\Octree Building">
      <UniqueIdentifier>{999266d7-918a-4ae2-8a7c-4355c8e4ffed}</UniqueIdentifier>
    </Filter>
    <Filter Include="src\Raycasting">
      <UniqueIdentifier>{e96319dc-97fc-4c8e-a773-99653fd9ffb0}</UniqueIdentifier>
    </Filter>
    <Filter Include="src\Debug">
      <UniqueIdentifier>{211d334f-bafc-4b6e-98e8-c69d79f7e3c0}</UniqueIdentifier>
    </Filter>
    <Filter Include="src\Util">
      <UniqueIdentifier>{ede7f9cf-91d8-48e5-b0d0-894f2a975a46}</UniqueIdentifier>
    </Filter>
    <Filter Include="src\Octree Mipmap">
      <UniqueIdentifier>{284cb751-efc0-48f1-8ed9-d274225b133d}</UniqueIdentifier>
    </Filter>
    <Filter Include="src\Scene">
      <UniqueIdentifier>{facd2167-5dee-4c1b-a086-a1834baef4cd}</UniqueIdentifier>
    </Filter>
    <Filter Include="src\Rendering">
      <UniqueIdentifier>{0a76992a-31a4-41f7-89e6-e482e424e6ac}</UniqueIdentifier>
    </Filter>
    <Filter Include="src\Stages">
      <UniqueIdentifier>{71acbb64-5686-4440-88fb-ae38fcef07f1}</UniqueIdentifier>
    </Filter>
    <Filter Include="shader\Voxelize">
      <UniqueIdentifier>{410e8ce5-2f4c-40ce-9a4e-7a07fbd7cd83}</UniqueIdentifier>
    </Filter>
    <Filter Include="shader\Octree Building">
      <UniqueIdentifier>{f171a40b-e8af-4ac8-b1b5-ccf45b4da83b}</UniqueIdentifier>
    </Filter>
    <Filter Include="shader\Octree Mipmapping">
      <UniqueIdentifier>{a5ce8ab3-663c-42a7-86aa-e83746c80552}</UniqueIdentifier>
    </Filter>
    <Filter Include="shader\Raycasting">
      <UniqueIdentifier>{75db69f2-ce54-4ac0-93a4-16494d45b763}</UniqueIdentifier>
    </Filter>
    <Filter Include="shader\Rendering">
      <UniqueIdentifier>{a2ced7ee-5b18-4ce8-95ec-0b3fcb7c32af}</UniqueIdentifier>
    </Filter>
  </ItemGroup>
  <ItemGroup>
    <ClInclude Include="src\VoxelConeTracing\FullscreenQuad.h">
      <Filter>src</Filter>
    </ClInclude>
    <ClInclude Include="src\VoxelConeTracing\Cube.h">
      <Filter>src</Filter>
    </ClInclude>
    <ClInclude Include="src\VoxelConeTracing\CubeVolume.h">
      <Filter>src</Filter>
    </ClInclude>
    <ClInclude Include="src\VoxelConeTracing\vsDebugLib.h">
      <Filter>src</Filter>
    </ClInclude>
    <ClInclude Include="src\VoxelConeTracing\Octree Building\ObFlagPass.h">
      <Filter>src\Octree Building</Filter>
    </ClInclude>
    <ClInclude Include="src\VoxelConeTracing\Octree Building\ObInitPass.h">
      <Filter>src\Octree Building</Filter>
    </ClInclude>
    <ClInclude Include="src\VoxelConeTracing\Octree Building\ObAllocatePass.h">
      <Filter>src\Octree Building</Filter>
    </ClInclude>
    <ClInclude Include="src\VoxelConeTracing\Raycasting\OctreeVisPass.h">
      <Filter>src\Raycasting</Filter>
    </ClInclude>
    <ClInclude Include="src\VoxelConeTracing\Raycasting\RayCastingPass.h">
      <Filter>src\Raycasting</Filter>
    </ClInclude>
    <ClInclude Include="src\VoxelConeTracing\Voxelization\VoxelizePass.h">
      <Filter>src\Voxelization</Filter>
    </ClInclude>
    <ClInclude Include="src\VoxelConeTracing\Octree Building\ModifyIndirectBufferPass.h">
      <Filter>src\Octree Building</Filter>
    </ClInclude>
    <ClInclude Include="src\VoxelConeTracing\Debug\DebugPass.h">
      <Filter>src\Debug</Filter>
    </ClInclude>
    <ClInclude Include="src\VoxelConeTracing\Util\MathUtil.h">
      <Filter>src\Util</Filter>
    </ClInclude>
    <ClInclude Include="src\VoxelConeTracing\Octree Mipmap\WriteLeafNodesPass.h">
      <Filter>src\Octree Mipmap</Filter>
    </ClInclude>
    <ClInclude Include="src\VoxelConeTracing\Scene\NodePool.h">
      <Filter>src\Scene</Filter>
    </ClInclude>
    <ClInclude Include="src\VoxelConeTracing\Scene\VCTscene.h">
      <Filter>src\Scene</Filter>
    </ClInclude>
    <ClInclude Include="src\VoxelConeTracing\Scene\VoxelFragList.h">
      <Filter>src\Scene</Filter>
    </ClInclude>
    <ClInclude Include="src\VoxelConeTracing\Octree Building\ObClearPass.h">
      <Filter>src\Octree Building</Filter>
    </ClInclude>
    <ClInclude Include="src\VoxelConeTracing\Raycasting\ConeTracePass.h">
      <Filter>src\Raycasting</Filter>
    </ClInclude>
    <ClInclude Include="src\VoxelConeTracing\Rendering\DeferredPass.h">
      <Filter>src\Rendering</Filter>
    </ClInclude>
    <ClInclude Include="src\VoxelConeTracing\Rendering\RenderPass.h">
      <Filter>src\Rendering</Filter>
    </ClInclude>
    <ClInclude Include="src\VoxelConeTracing\Scene\BrickPool.h">
      <Filter>src\Scene</Filter>
    </ClInclude>
    <ClInclude Include="src\VoxelConeTracing\Rendering\ShadowMapPass.h">
      <Filter>src\Rendering</Filter>
    </ClInclude>
    <ClInclude Include="src\VoxelConeTracing\Octree Mipmap\LightInjectionPass.h">
      <Filter>src\Octree Mipmap</Filter>
    </ClInclude>
    <ClInclude Include="src\VoxelConeTracing\Stages\GBufferStage.h">
      <Filter>src\Stages</Filter>
    </ClInclude>
    <ClInclude Include="src\VoxelConeTracing\Stages\SVOconstructionStage.h">
      <Filter>src\Stages</Filter>
    </ClInclude>
    <ClInclude Include="src\VoxelConeTracing\Stages\ShadowMapStage.h">
      <Filter>src\Stages</Filter>
    </ClInclude>
    <ClInclude Include="src\VoxelConeTracing\Octree Building\NeighbourPointersPass.h">
      <Filter>src\Octree Building</Filter>
    </ClInclude>
    <ClInclude Include="src\VoxelConeTracing\Octree Building\ObClearNeighboursPass.h">
      <Filter>src\Octree Building</Filter>
    </ClInclude>
    <ClInclude Include="src\VoxelConeTracing\Octree Mipmap\BorderTransferPass.h">
      <Filter>src\Octree Mipmap</Filter>
    </ClInclude>
    <ClInclude Include="src\VoxelConeTracing\Octree Building\ClearBrickTexPass.h">
      <Filter>src\Octree Building</Filter>
    </ClInclude>
    <ClInclude Include="src\VoxelConeTracing\Octree Mipmap\MipmapCenterPass.h">
      <Filter>src\Octree Mipmap</Filter>
    </ClInclude>
    <ClInclude Include="src\VoxelConeTracing\Octree Mipmap\MipmapCornersPass.h">
      <Filter>src\Octree Mipmap</Filter>
    </ClInclude>
    <ClInclude Include="src\VoxelConeTracing\Octree Mipmap\MipmapFacesPass.h">
      <Filter>src\Octree Mipmap</Filter>
    </ClInclude>
    <ClInclude Include="src\VoxelConeTracing\Octree Mipmap\SpreadLeafBricksPass.h">
      <Filter>src\Octree Mipmap</Filter>
    </ClInclude>
    <ClInclude Include="src\VoxelConeTracing\Octree Building\AllocBricksPass.h">
      <Filter>src\Octree Building</Filter>
    </ClInclude>
    <ClInclude Include="src\VoxelConeTracing\Octree Mipmap\MipmapEdgesPass.h">
      <Filter>src\Octree Mipmap</Filter>
    </ClInclude>
    <ClInclude Include="src\VoxelConeTracing\Stages\SVOlightUpdateStage.h">
      <Filter>src\Stages</Filter>
    </ClInclude>
    <ClInclude Include="src\VoxelConeTracing\Octree Building\ClearNodeMapPass.h">
      <Filter>src\Octree Building</Filter>
    </ClInclude>
    <ClInclude Include="src\VoxelConeTracing\Scene\VoxelFragTex.h">
      <Filter>src\Scene</Filter>
    </ClInclude>
    <ClInclude Include="src\VoxelConeTracing\Voxelization\VoxelizeClearPass.h">
      <Filter>src\Voxelization</Filter>
    </ClInclude>
  </ItemGroup>
  <ItemGroup>
    <None Include="..\bin\assets\shader\debug.shader">
      <Filter>shader</Filter>
    </None>
    <None Include="..\bin\assets\shader\FullscreenQuadVert.shader">
      <Filter>shader</Filter>
    </None>
    <None Include="..\bin\assets\shader\VoxelConeTracing\voxelizeFrag.shader">
      <Filter>shader\Voxelize</Filter>
    </None>
    <None Include="..\bin\assets\shader\VoxelConeTracing\voxelizeGeom.shader">
      <Filter>shader\Voxelize</Filter>
    </None>
    <None Include="..\bin\assets\shader\VoxelConeTracing\voxelizeVert.shader">
      <Filter>shader\Voxelize</Filter>
    </None>
    <None Include="..\bin\assets\shader\ObAllocateVert.shader">
      <Filter>shader\Octree Building</Filter>
    </None>
    <None Include="..\bin\assets\shader\ObClearVert.shader">
      <Filter>shader\Octree Building</Filter>
    </None>
    <None Include="..\bin\assets\shader\ObFlagVert.shader">
      <Filter>shader\Octree Building</Filter>
    </None>
    <None Include="..\bin\assets\shader\ObInitVert.shader">
      <Filter>shader\Octree Building</Filter>
    </None>
    <None Include="..\bin\assets\shader\ModifyIndirectBufferVert.shader">
      <Filter>shader\Octree Building</Filter>
    </None>
    <None Include="..\bin\assets\shader\LightInjectionFrag.shader">
      <Filter>shader\Octree Mipmapping</Filter>
    </None>
    <None Include="..\bin\assets\shader\OctreeWriteLeafs.shader">
      <Filter>shader\Octree Mipmapping</Filter>
    </None>
    <None Include="..\bin\assets\shader\ConeTraceFrag.shader">
      <Filter>shader\Raycasting</Filter>
    </None>
    <None Include="..\bin\assets\shader\VoxelConeTracing\raycastFrag.shader">
      <Filter>shader\Raycasting</Filter>
    </None>
    <None Include="..\bin\assets\shader\VoxelConeTracing\raycastVert.shader">
      <Filter>shader\Raycasting</Filter>
    </None>
    <None Include="..\bin\assets\shader\octreeVisFrag.shader">
      <Filter>shader\Raycasting</Filter>
    </None>
    <None Include="..\bin\assets\shader\ShadowMapVert.shader">
      <Filter>shader\Rendering</Filter>
    </None>
    <None Include="..\bin\assets\shader\ShadowMapFrag.shader">
      <Filter>shader\Rendering</Filter>
    </None>
    <None Include="..\bin\assets\shader\finalRenderVert.shader">
      <Filter>shader\Rendering</Filter>
    </None>
    <None Include="..\bin\assets\shader\finalRenderFrag.shader">
      <Filter>shader\Rendering</Filter>
    </None>
    <None Include="..\bin\assets\shader\deferredFrag.shader">
      <Filter>shader\Rendering</Filter>
    </None>
    <None Include="..\bin\assets\shader\deferredVert.shader">
      <Filter>shader\Rendering</Filter>
    </None>
    <None Include="..\bin\assets\shader\ObClearNeighbours.shader">
      <Filter>shader\Octree Building</Filter>
    </None>
    <None Include="..\bin\assets\shader\BorderTransfer.shader">
      <Filter>shader\Octree Mipmapping</Filter>
    </None>
    <None Include="..\bin\assets\shader\NeighbourPointer.shader">
      <Filter>shader\Octree Building</Filter>
    </None>
    <None Include="..\bin\assets\shader\ClearBrickTex.shader">
      <Filter>shader\Octree Building</Filter>
    </None>
    <None Include="..\bin\assets\shader\MipmapCenter.shader">
      <Filter>shader\Octree Mipmapping</Filter>
    </None>
    <None Include="..\bin\assets\shader\MipmapCorners.shader">
      <Filter>shader\Octree Mipmapping</Filter>
    </None>
    <None Include="..\bin\assets\shader\MipmapFaces.shader">
      <Filter>shader\Octree Mipmapping</Filter>
    </None>
    <None Include="..\bin\assets\shader\SpreadLeafBricks.shader">
      <Filter>shader\Octree Mipmapping</Filter>
    </None>
    <None Include="..\bin\assets\shader\AllocBricks.shader">
      <Filter>shader\Octree Building</Filter>
    </None>
    <None Include="..\bin\assets\shader\MipmapEdges.shader">
      <Filter>shader\Octree Mipmapping</Filter>
    </None>
    <None Include="..\bin\assets\shader\ClearNodeMap.shader">
      <Filter>shader\Octree Building</Filter>
    </None>
    <None Include="..\bin\assets\shader\_octreeTraverse.shader">
      <Filter>shader</Filter>
    </None>
    <None Include="..\bin\assets\shader\_utilityFunctions.shader">
      <Filter>shader</Filter>
    </None>
    <None Include="..\bin\assets\shader\_raycast.shader">
      <Filter>shader</Filter>
    </None>
    <None Include="..\bin\assets\shader\voxelizeClear.shader">
      <Filter>shader\Voxelize</Filter>
    </None>
    <None Include="..\bin\assets\shader\_coneTrace.shader">
      <Filter>shader</Filter>
    </None>
    <None Include="..\bin\assets\shader\_threadNodeUtil.shader">
      <Filter>shader</Filter>
    </None>
    <None Include="..\bin\assets\shader\_mipmapUtil.shader">
      <Filter>shader</Filter>
    </None>
  </ItemGroup>
</Project>