<?xml version="1.0" encoding="utf-8"?>
<Project ToolsVersion="4.0" xmlns="http://schemas.microsoft.com/developer/msbuild/2003">
  <ItemGroup>
    <CustomBuild Include="..\..\CMakeFiles\16bf8e8f1aab1d268471833e7030d9e3\MainQT5_automoc.rule">
      <Filter>CMake Rules</Filter>
    </CustomBuild>
  </ItemGroup>
  <ItemGroup>
    <None Include="CMakeFiles\MainQT5_automoc" />
  </ItemGroup>
  <ItemGroup>
    <Filter Include="CMake Rules">
      <UniqueIdentifier>{9D46A6A5-68F3-4794-9BA5-BAC38B005C9D}</UniqueIdentifier>
    </Filter>
  </ItemGroup>
</Project>
